// !$*UTF8*$!
{
	archiveVersion = 1;
	classes = {
	};
	objectVersion = 50;
	objects = {

/* Begin PBXBuildFile section */
		4529F3C1A2101A41A262E0F8 /* libPods-LXNewHouse.a in Frameworks */ = {isa = PBXBuildFile; fileRef = EF2F2CB8241A272A3733CE05 /* libPods-LXNewHouse.a */; };
		B74F7056255ADD9F007DBA35 /* AppDelegate.m in Sources */ = {isa = PBXBuildFile; fileRef = B74F7055255ADD9F007DBA35 /* AppDelegate.m */; };
		B74F7059255ADD9F007DBA35 /* SceneDelegate.m in Sources */ = {isa = PBXBuildFile; fileRef = B74F7058255ADD9F007DBA35 /* SceneDelegate.m */; };
		B74F705C255ADD9F007DBA35 /* ViewController.m in Sources */ = {isa = PBXBuildFile; fileRef = B74F705B255ADD9F007DBA35 /* ViewController.m */; };
		B74F705F255ADD9F007DBA35 /* Main.storyboard in Resources */ = {isa = PBXBuildFile; fileRef = B74F705D255ADD9F007DBA35 /* Main.storyboard */; };
		B74F7061255ADDA3007DBA35 /* Assets.xcassets in Resources */ = {isa = PBXBuildFile; fileRef = B74F7060255ADDA3007DBA35 /* Assets.xcassets */; };
		B74F7064255ADDA3007DBA35 /* LaunchScreen.storyboard in Resources */ = {isa = PBXBuildFile; fileRef = B74F7062255ADDA3007DBA35 /* LaunchScreen.storyboard */; };
		B74F7067255ADDA3007DBA35 /* main.m in Sources */ = {isa = PBXBuildFile; fileRef = B74F7066255ADDA3007DBA35 /* main.m */; };
/* End PBXBuildFile section */

/* Begin PBXFileReference section */
		AE43E3649100B0362024DCE6 /* Pods-LXNewHouse.debug.xcconfig */ = {isa = PBXFileReference; includeInIndex = 1; lastKnownFileType = text.xcconfig; name = "Pods-LXNewHouse.debug.xcconfig"; path = "Target Support Files/Pods-LXNewHouse/Pods-LXNewHouse.debug.xcconfig"; sourceTree = "<group>"; };
		B74F7051255ADD9F007DBA35 /* LXNewHouse.app */ = {isa = PBXFileReference; explicitFileType = wrapper.application; includeInIndex = 0; path = LXNewHouse.app; sourceTree = BUILT_PRODUCTS_DIR; };
		B74F7054255ADD9F007DBA35 /* AppDelegate.h */ = {isa = PBXFileReference; lastKnownFileType = sourcecode.c.h; path = AppDelegate.h; sourceTree = "<group>"; };
		B74F7055255ADD9F007DBA35 /* AppDelegate.m */ = {isa = PBXFileReference; lastKnownFileType = sourcecode.c.objc; path = AppDelegate.m; sourceTree = "<group>"; };
		B74F7057255ADD9F007DBA35 /* SceneDelegate.h */ = {isa = PBXFileReference; lastKnownFileType = sourcecode.c.h; path = SceneDelegate.h; sourceTree = "<group>"; };
		B74F7058255ADD9F007DBA35 /* SceneDelegate.m */ = {isa = PBXFileReference; lastKnownFileType = sourcecode.c.objc; path = SceneDelegate.m; sourceTree = "<group>"; };
		B74F705A255ADD9F007DBA35 /* ViewController.h */ = {isa = PBXFileReference; lastKnownFileType = sourcecode.c.h; path = ViewController.h; sourceTree = "<group>"; };
		B74F705B255ADD9F007DBA35 /* ViewController.m */ = {isa = PBXFileReference; lastKnownFileType = sourcecode.c.objc; path = ViewController.m; sourceTree = "<group>"; };
		B74F705E255ADD9F007DBA35 /* Base */ = {isa = PBXFileReference; lastKnownFileType = file.storyboard; name = Base; path = Base.lproj/Main.storyboard; sourceTree = "<group>"; };
		B74F7060255ADDA3007DBA35 /* Assets.xcassets */ = {isa = PBXFileReference; lastKnownFileType = folder.assetcatalog; path = Assets.xcassets; sourceTree = "<group>"; };
		B74F7063255ADDA3007DBA35 /* Base */ = {isa = PBXFileReference; lastKnownFileType = file.storyboard; name = Base; path = Base.lproj/LaunchScreen.storyboard; sourceTree = "<group>"; };
		B74F7065255ADDA3007DBA35 /* Info.plist */ = {isa = PBXFileReference; lastKnownFileType = text.plist.xml; path = Info.plist; sourceTree = "<group>"; };
		B74F7066255ADDA3007DBA35 /* main.m */ = {isa = PBXFileReference; lastKnownFileType = sourcecode.c.objc; path = main.m; sourceTree = "<group>"; };
		EF2F2CB8241A272A3733CE05 /* libPods-LXNewHouse.a */ = {isa = PBXFileReference; explicitFileType = archive.ar; includeInIndex = 0; path = "libPods-LXNewHouse.a"; sourceTree = BUILT_PRODUCTS_DIR; };
		EF6BE73B67CB5F92D8BDCC13 /* Pods-LXNewHouse.release.xcconfig */ = {isa = PBXFileReference; includeInIndex = 1; lastKnownFileType = text.xcconfig; name = "Pods-LXNewHouse.release.xcconfig"; path = "Target Support Files/Pods-LXNewHouse/Pods-LXNewHouse.release.xcconfig"; sourceTree = "<group>"; };
/* End PBXFileReference section */

/* Begin PBXFrameworksBuildPhase section */
		B74F704E255ADD9F007DBA35 /* Frameworks */ = {
			isa = PBXFrameworksBuildPhase;
			buildActionMask = 2147483647;
			files = (
				4529F3C1A2101A41A262E0F8 /* libPods-LXNewHouse.a in Frameworks */,
			);
			runOnlyForDeploymentPostprocessing = 0;
		};
/* End PBXFrameworksBuildPhase section */

/* Begin PBXGroup section */
		24B8084C39B034FBA72354AD /* Frameworks */ = {
			isa = PBXGroup;
			children = (
				EF2F2CB8241A272A3733CE05 /* libPods-LXNewHouse.a */,
			);
			name = Frameworks;
			sourceTree = "<group>";
		};
		B74F7048255ADD9F007DBA35 = {
			isa = PBXGroup;
			children = (
				B74F7053255ADD9F007DBA35 /* LXNewHouse */,
				B74F7052255ADD9F007DBA35 /* Products */,
				BCDD834ED68271A917F57DF5 /* Pods */,
				24B8084C39B034FBA72354AD /* Frameworks */,
			);
			sourceTree = "<group>";
		};
		B74F7052255ADD9F007DBA35 /* Products */ = {
			isa = PBXGroup;
			children = (
				B74F7051255ADD9F007DBA35 /* LXNewHouse.app */,
			);
			name = Products;
			sourceTree = "<group>";
		};
		B74F7053255ADD9F007DBA35 /* LXNewHouse */ = {
			isa = PBXGroup;
			children = (
				B74F7054255ADD9F007DBA35 /* AppDelegate.h */,
				B74F7055255ADD9F007DBA35 /* AppDelegate.m */,
				B74F7057255ADD9F007DBA35 /* SceneDelegate.h */,
				B74F7058255ADD9F007DBA35 /* SceneDelegate.m */,
				B74F705A255ADD9F007DBA35 /* ViewController.h */,
				B74F705B255ADD9F007DBA35 /* ViewController.m */,
				B74F705D255ADD9F007DBA35 /* Main.storyboard */,
				B74F7060255ADDA3007DBA35 /* Assets.xcassets */,
				B74F7062255ADDA3007DBA35 /* LaunchScreen.storyboard */,
				B74F7065255ADDA3007DBA35 /* Info.plist */,
				B74F7066255ADDA3007DBA35 /* main.m */,
			);
			path = LXNewHouse;
			sourceTree = "<group>";
		};
		BCDD834ED68271A917F57DF5 /* Pods */ = {
			isa = PBXGroup;
			children = (
				AE43E3649100B0362024DCE6 /* Pods-LXNewHouse.debug.xcconfig */,
				EF6BE73B67CB5F92D8BDCC13 /* Pods-LXNewHouse.release.xcconfig */,
			);
			name = Pods;
			path = Pods;
			sourceTree = "<group>";
		};
/* End PBXGroup section */

/* Begin PBXNativeTarget section */
		B74F7050255ADD9F007DBA35 /* LXNewHouse */ = {
			isa = PBXNativeTarget;
			buildConfigurationList = B74F706A255ADDA3007DBA35 /* Build configuration list for PBXNativeTarget "LXNewHouse" */;
			buildPhases = (
				A96AADBF0399C29157BB9049 /* [CP] Check Pods Manifest.lock */,
				B74F704D255ADD9F007DBA35 /* Sources */,
				B74F704E255ADD9F007DBA35 /* Frameworks */,
				B74F704F255ADD9F007DBA35 /* Resources */,
			);
			buildRules = (
			);
			dependencies = (
			);
			name = LXNewHouse;
			productName = LXNewHouse;
			productReference = B74F7051255ADD9F007DBA35 /* LXNewHouse.app */;
			productType = "com.apple.product-type.application";
		};
/* End PBXNativeTarget section */

/* Begin PBXProject section */
		B74F7049255ADD9F007DBA35 /* Project object */ = {
			isa = PBXProject;
			attributes = {
				LastUpgradeCheck = 1210;
				TargetAttributes = {
					B74F7050255ADD9F007DBA35 = {
						CreatedOnToolsVersion = 12.1;
					};
				};
			};
			buildConfigurationList = B74F704C255ADD9F007DBA35 /* Build configuration list for PBXProject "LXNewHouse" */;
			compatibilityVersion = "Xcode 9.3";
			developmentRegion = en;
			hasScannedForEncodings = 0;
			knownRegions = (
				en,
				Base,
			);
			mainGroup = B74F7048255ADD9F007DBA35;
			productRefGroup = B74F7052255ADD9F007DBA35 /* Products */;
			projectDirPath = "";
			projectRoot = "";
			targets = (
				B74F7050255ADD9F007DBA35 /* LXNewHouse */,
			);
		};
/* End PBXProject section */

/* Begin PBXResourcesBuildPhase section */
		B74F704F255ADD9F007DBA35 /* Resources */ = {
			isa = PBXResourcesBuildPhase;
			buildActionMask = 2147483647;
			files = (
				B74F7064255ADDA3007DBA35 /* LaunchScreen.storyboard in Resources */,
				B74F7061255ADDA3007DBA35 /* Assets.xcassets in Resources */,
				B74F705F255ADD9F007DBA35 /* Main.storyboard in Resources */,
			);
			runOnlyForDeploymentPostprocessing = 0;
		};
/* End PBXResourcesBuildPhase section */

/* Begin PBXShellScriptBuildPhase section */
		A96AADBF0399C29157BB9049 /* [CP] Check Pods Manifest.lock */ = {
			isa = PBXShellScriptBuildPhase;
			buildActionMask = 2147483647;
			files = (
			);
			inputFileListPaths = (
			);
			inputPaths = (
				"${PODS_PODFILE_DIR_PATH}/Podfile.lock",
				"${PODS_ROOT}/Manifest.lock",
			);
			name = "[CP] Check Pods Manifest.lock";
			outputFileListPaths = (
			);
			outputPaths = (
				"$(DERIVED_FILE_DIR)/Pods-LXNewHouse-checkManifestLockResult.txt",
			);
			runOnlyForDeploymentPostprocessing = 0;
			shellPath = /bin/sh;
			shellScript = "diff \"${PODS_PODFILE_DIR_PATH}/Podfile.lock\" \"${PODS_ROOT}/Manifest.lock\" > /dev/null\nif [ $? != 0 ] ; then\n    # print error to STDERR\n    echo \"error: The sandbox is not in sync with the Podfile.lock. Run 'pod install' or update your CocoaPods installation.\" >&2\n    exit 1\nfi\n# This output is used by Xcode 'outputs' to avoid re-running this script phase.\necho \"SUCCESS\" > \"${SCRIPT_OUTPUT_FILE_0}\"\n";
			showEnvVarsInLog = 0;
		};
/* End PBXShellScriptBuildPhase section */

/* Begin PBXSourcesBuildPhase section */
		B74F704D255ADD9F007DBA35 /* Sources */ = {
			isa = PBXSourcesBuildPhase;
			buildActionMask = 2147483647;
			files = (
				B74F705C255ADD9F007DBA35 /* ViewController.m in Sources */,
				B74F7056255ADD9F007DBA35 /* AppDelegate.m in Sources */,
				B74F7067255ADDA3007DBA35 /* main.m in Sources */,
				B74F7059255ADD9F007DBA35 /* SceneDelegate.m in Sources */,
			);
			runOnlyForDeploymentPostprocessing = 0;
		};
/* End PBXSourcesBuildPhase section */

/* Begin PBXVariantGroup section */
		B74F705D255ADD9F007DBA35 /* Main.storyboard */ = {
			isa = PBXVariantGroup;
			children = (
				B74F705E255ADD9F007DBA35 /* Base */,
			);
			name = Main.storyboard;
			sourceTree = "<group>";
		};
		B74F7062255ADDA3007DBA35 /* LaunchScreen.storyboard */ = {
			isa = PBXVariantGroup;
			children = (
				B74F7063255ADDA3007DBA35 /* Base */,
			);
			name = LaunchScreen.storyboard;
			sourceTree = "<group>";
		};
/* End PBXVariantGroup section */

/* Begin XCBuildConfiguration section */
		B74F7068255ADDA3007DBA35 /* Debug */ = {
			isa = XCBuildConfiguration;
			buildSettings = {
				ALWAYS_SEARCH_USER_PATHS = NO;
				CLANG_ANALYZER_NONNULL = YES;
				CLANG_ANALYZER_NUMBER_OBJECT_CONVERSION = YES_AGGRESSIVE;
				CLANG_CXX_LANGUAGE_STANDARD = "gnu++14";
				CLANG_CXX_LIBRARY = "libc++";
				CLANG_ENABLE_MODULES = YES;
				CLANG_ENABLE_OBJC_ARC = YES;
				CLANG_ENABLE_OBJC_WEAK = YES;
				CLANG_WARN_BLOCK_CAPTURE_AUTORELEASING = YES;
				CLANG_WARN_BOOL_CONVERSION = YES;
				CLANG_WARN_COMMA = YES;
				CLANG_WARN_CONSTANT_CONVERSION = YES;
				CLANG_WARN_DEPRECATED_OBJC_IMPLEMENTATIONS = YES;
				CLANG_WARN_DIRECT_OBJC_ISA_USAGE = YES_ERROR;
				CLANG_WARN_DOCUMENTATION_COMMENTS = YES;
				CLANG_WARN_EMPTY_BODY = YES;
				CLANG_WARN_ENUM_CONVERSION = YES;
				CLANG_WARN_INFINITE_RECURSION = YES;
				CLANG_WARN_INT_CONVERSION = YES;
				CLANG_WARN_NON_LITERAL_NULL_CONVERSION = YES;
				CLANG_WARN_OBJC_IMPLICIT_RETAIN_SELF = YES;
				CLANG_WARN_OBJC_LITERAL_CONVERSION = YES;
				CLANG_WARN_OBJC_ROOT_CLASS = YES_ERROR;
				CLANG_WARN_QUOTED_INCLUDE_IN_FRAMEWORK_HEADER = YES;
				CLANG_WARN_RANGE_LOOP_ANALYSIS = YES;
				CLANG_WARN_STRICT_PROTOTYPES = YES;
				CLANG_WARN_SUSPICIOUS_MOVE = YES;
				CLANG_WARN_UNGUARDED_AVAILABILITY = YES_AGGRESSIVE;
				CLANG_WARN_UNREACHABLE_CODE = YES;
				CLANG_WARN__DUPLICATE_METHOD_MATCH = YES;
				COPY_PHASE_STRIP = NO;
				DEBUG_INFORMATION_FORMAT = dwarf;
				ENABLE_STRICT_OBJC_MSGSEND = YES;
				ENABLE_TESTABILITY = YES;
				GCC_C_LANGUAGE_STANDARD = gnu11;
				GCC_DYNAMIC_NO_PIC = NO;
				GCC_NO_COMMON_BLOCKS = YES;
				GCC_OPTIMIZATION_LEVEL = 0;
				GCC_PREPROCESSOR_DEFINITIONS = (
					"DEBUG=1",
					"$(inherited)",
				);
				GCC_WARN_64_TO_32_BIT_CONVERSION = YES;
				GCC_WARN_ABOUT_RETURN_TYPE = YES_ERROR;
				GCC_WARN_UNDECLARED_SELECTOR = YES;
				GCC_WARN_UNINITIALIZED_AUTOS = YES_AGGRESSIVE;
				GCC_WARN_UNUSED_FUNCTION = YES;
				GCC_WARN_UNUSED_VARIABLE = YES;
				IPHONEOS_DEPLOYMENT_TARGET = 14.1;
				MTL_ENABLE_DEBUG_INFO = INCLUDE_SOURCE;
				MTL_FAST_MATH = YES;
				ONLY_ACTIVE_ARCH = YES;
				SDKROOT = iphoneos;
			};
			name = Debug;
		};
		B74F7069255ADDA3007DBA35 /* Release */ = {
			isa = XCBuildConfiguration;
			buildSettings = {
				ALWAYS_SEARCH_USER_PATHS = NO;
				CLANG_ANALYZER_NONNULL = YES;
				CLANG_ANALYZER_NUMBER_OBJECT_CONVERSION = YES_AGGRESSIVE;
				CLANG_CXX_LANGUAGE_STANDARD = "gnu++14";
				CLANG_CXX_LIBRARY = "libc++";
				CLANG_ENABLE_MODULES = YES;
				CLANG_ENABLE_OBJC_ARC = YES;
				CLANG_ENABLE_OBJC_WEAK = YES;
				CLANG_WARN_BLOCK_CAPTURE_AUTORELEASING = YES;
				CLANG_WARN_BOOL_CONVERSION = YES;
				CLANG_WARN_COMMA = YES;
				CLANG_WARN_CONSTANT_CONVERSION = YES;
				CLANG_WARN_DEPRECATED_OBJC_IMPLEMENTATIONS = YES;
				CLANG_WARN_DIRECT_OBJC_ISA_USAGE = YES_ERROR;
				CLANG_WARN_DOCUMENTATION_COMMENTS = YES;
				CLANG_WARN_EMPTY_BODY = YES;
				CLANG_WARN_ENUM_CONVERSION = YES;
				CLANG_WARN_INFINITE_RECURSION = YES;
				CLANG_WARN_INT_CONVERSION = YES;
				CLANG_WARN_NON_LITERAL_NULL_CONVERSION = YES;
				CLANG_WARN_OBJC_IMPLICIT_RETAIN_SELF = YES;
				CLANG_WARN_OBJC_LITERAL_CONVERSION = YES;
				CLANG_WARN_OBJC_ROOT_CLASS = YES_ERROR;
				CLANG_WARN_QUOTED_INCLUDE_IN_FRAMEWORK_HEADER = YES;
				CLANG_WARN_RANGE_LOOP_ANALYSIS = YES;
				CLANG_WARN_STRICT_PROTOTYPES = YES;
				CLANG_WARN_SUSPICIOUS_MOVE = YES;
				CLANG_WARN_UNGUARDED_AVAILABILITY = YES_AGGRESSIVE;
				CLANG_WARN_UNREACHABLE_CODE = YES;
				CLANG_WARN__DUPLICATE_METHOD_MATCH = YES;
				COPY_PHASE_STRIP = NO;
				DEBUG_INFORMATION_FORMAT = "dwarf-with-dsym";
				ENABLE_NS_ASSERTIONS = NO;
				ENABLE_STRICT_OBJC_MSGSEND = YES;
				GCC_C_LANGUAGE_STANDARD = gnu11;
				GCC_NO_COMMON_BLOCKS = YES;
				GCC_WARN_64_TO_32_BIT_CONVERSION = YES;
				GCC_WARN_ABOUT_RETURN_TYPE = YES_ERROR;
				GCC_WARN_UNDECLARED_SELECTOR = YES;
				GCC_WARN_UNINITIALIZED_AUTOS = YES_AGGRESSIVE;
				GCC_WARN_UNUSED_FUNCTION = YES;
				GCC_WARN_UNUSED_VARIABLE = YES;
				IPHONEOS_DEPLOYMENT_TARGET = 14.1;
				MTL_ENABLE_DEBUG_INFO = NO;
				MTL_FAST_MATH = YES;
				SDKROOT = iphoneos;
				VALIDATE_PRODUCT = YES;
			};
			name = Release;
		};
		B74F706B255ADDA3007DBA35 /* Debug */ = {
			isa = XCBuildConfiguration;
			baseConfigurationReference = AE43E3649100B0362024DCE6 /* Pods-LXNewHouse.debug.xcconfig */;
			buildSettings = {
				ASSETCATALOG_COMPILER_APPICON_NAME = AppIcon;
				ASSETCATALOG_COMPILER_GLOBAL_ACCENT_COLOR_NAME = AccentColor;
				CODE_SIGN_STYLE = Automatic;
				DEVELOPMENT_TEAM = 75FL68JQ8Y;
				INFOPLIST_FILE = LXNewHouse/Info.plist;
				LD_RUNPATH_SEARCH_PATHS = (
					"$(inherited)",
					"@executable_path/Frameworks",
				);
				PRODUCT_BUNDLE_IDENTIFIER = edison.cc.LXNewHouse;
				PRODUCT_NAME = "$(TARGET_NAME)";
				TARGETED_DEVICE_FAMILY = "1,2";
			};
			name = Debug;
		};
		B74F706C255ADDA3007DBA35 /* Release */ = {
			isa = XCBuildConfiguration;
			baseConfigurationReference = EF6BE73B67CB5F92D8BDCC13 /* Pods-LXNewHouse.release.xcconfig */;
			buildSettings = {
				ASSETCATALOG_COMPILER_APPICON_NAME = AppIcon;
				ASSETCATALOG_COMPILER_GLOBAL_ACCENT_COLOR_NAME = AccentColor;
				CODE_SIGN_STYLE = Automatic;
				DEVELOPMENT_TEAM = 75FL68JQ8Y;
				INFOPLIST_FILE = LXNewHouse/Info.plist;
				LD_RUNPATH_SEARCH_PATHS = (
					"$(inherited)",
					"@executable_path/Frameworks",
				);
				PRODUCT_BUNDLE_IDENTIFIER = edison.cc.LXNewHouse;
				PRODUCT_NAME = "$(TARGET_NAME)";
				TARGETED_DEVICE_FAMILY = "1,2";
			};
			name = Release;
		};
/* End XCBuildConfiguration section */

/* Begin XCConfigurationList section */
		B74F704C255ADD9F007DBA35 /* Build configuration list for PBXProject "LXNewHouse" */ = {
			isa = XCConfigurationList;
			buildConfigurations = (
				B74F7068255ADDA3007DBA35 /* Debug */,
				B74F7069255ADDA3007DBA35 /* Release */,
			);
			defaultConfigurationIsVisible = 0;
			defaultConfigurationName = Release;
		};
		B74F706A255ADDA3007DBA35 /* Build configuration list for PBXNativeTarget "LXNewHouse" */ = {
			isa = XCConfigurationList;
			buildConfigurations = (
				B74F706B255ADDA3007DBA35 /* Debug */,
				B74F706C255ADDA3007DBA35 /* Release */,
			);
			defaultConfigurationIsVisible = 0;
			defaultConfigurationName = Release;
		};
/* End XCConfigurationList section */
	};
	rootObject = B74F7049255ADD9F007DBA35 /* Project object */;
}
